
Microsoft Visual Studio Solution File, Format Version 12.00
# Visual Studio 15
VisualStudioVersion = 15.0.27428.2043
MinimumVisualStudioVersion = 10.0.40219.1
Project("{FAE04EC0-301F-11D3-BF4B-00C04F79EFBC}") = "LabNumber8GC", "LabNumber8GC\LabNumber8GC.csproj", "{7152F3FC-A16D-44D1-B19F-0057EB231A39}"
EndProject
Global
	GlobalSection(SolutionConfigurationPlatforms) = preSolution
		Debug|Any CPU = Debug|Any CPU
		Release|Any CPU = Release|Any CPU
	EndGlobalSection
	GlobalSection(ProjectConfigurationPlatforms) = postSolution
		{7152F3FC-A16D-44D1-B19F-0057EB231A39}.Debug|Any CPU.ActiveCfg = Debug|Any CPU
		{7152F3FC-A16D-44D1-B19F-0057EB231A39}.Debug|Any CPU.Build.0 = Debug|Any CPU
		{7152F3FC-A16D-44D1-B19F-0057EB231A39}.Release|Any CPU.ActiveCfg = Release|Any CPU
		{7152F3FC-A16D-44D1-B19F-0057EB231A39}.Release|Any CPU.Build.0 = Release|Any CPU
	EndGlobalSection
	GlobalSection(SolutionProperties) = preSolution
		HideSolutionNode = FALSE
	EndGlobalSection
	GlobalSection(ExtensibilityGlobals) = postSolution
		SolutionGuid = {555AD731-A65C-41D7-BC63-9C17877F1351}
	EndGlobalSection
EndGlobal
